
Microsoft Visual Studio Solution File, Format Version 12.00
# Visual Studio Version 17
VisualStudioVersion = 17.0.31903.59
MinimumVisualStudioVersion = 10.0.40219.1
Project("{FAE04EC0-301F-11D3-BF4B-00C04F79EFBC}") = "Somando_Até_Numeros", "Somando_Até_Numeros\Somando_Até_Numeros.csproj", "{E1CBEF08-D002-4DE2-B64B-EC4A77DF44CD}"
EndProject
Project("{FAE04EC0-301F-11D3-BF4B-00C04F79EFBC}") = "Sum Up to Number", "..\EN\Sum Up to Number\Sum Up to Number.csproj", "{A23BF6C6-7373-4450-BB9C-38218B68AB8C}"
EndProject
Global
	GlobalSection(SolutionConfigurationPlatforms) = preSolution
		Debug|Any CPU = Debug|Any CPU
		Release|Any CPU = Release|Any CPU
	EndGlobalSection
	GlobalSection(SolutionProperties) = preSolution
		HideSolutionNode = FALSE
	EndGlobalSection
	GlobalSection(ProjectConfigurationPlatforms) = postSolution
		{E1CBEF08-D002-4DE2-B64B-EC4A77DF44CD}.Debug|Any CPU.ActiveCfg = Debug|Any CPU
		{E1CBEF08-D002-4DE2-B64B-EC4A77DF44CD}.Debug|Any CPU.Build.0 = Debug|Any CPU
		{E1CBEF08-D002-4DE2-B64B-EC4A77DF44CD}.Release|Any CPU.ActiveCfg = Release|Any CPU
		{E1CBEF08-D002-4DE2-B64B-EC4A77DF44CD}.Release|Any CPU.Build.0 = Release|Any CPU
		{A23BF6C6-7373-4450-BB9C-38218B68AB8C}.Debug|Any CPU.ActiveCfg = Debug|Any CPU
		{A23BF6C6-7373-4450-BB9C-38218B68AB8C}.Debug|Any CPU.Build.0 = Debug|Any CPU
		{A23BF6C6-7373-4450-BB9C-38218B68AB8C}.Release|Any CPU.ActiveCfg = Release|Any CPU
		{A23BF6C6-7373-4450-BB9C-38218B68AB8C}.Release|Any CPU.Build.0 = Release|Any CPU
	EndGlobalSection
EndGlobal
